
Microsoft Visual Studio Solution File, Format Version 12.00
# Visual Studio Version 16
VisualStudioVersion = 16.0.28803.352
MinimumVisualStudioVersion = 10.0.40219.1
Project("{FAE04EC0-301F-11D3-BF4B-00C04F79EFBC}") = "IRIS Simulator", "IRIS Simulator\IRIS Simulator.csproj", "{F244ABDE-7168-430A-937C-685C449E0566}"
EndProject
Global
	GlobalSection(SolutionConfigurationPlatforms) = preSolution
		Debug|Any CPU = Debug|Any CPU
		Release|Any CPU = Release|Any CPU
	EndGlobalSection
	GlobalSection(ProjectConfigurationPlatforms) = postSolution
		{F244ABDE-7168-430A-937C-685C449E0566}.Debug|Any CPU.ActiveCfg = Debug|Any CPU
		{F244ABDE-7168-430A-937C-685C449E0566}.Debug|Any CPU.Build.0 = Debug|Any CPU
		{F244ABDE-7168-430A-937C-685C449E0566}.Release|Any CPU.ActiveCfg = Release|Any CPU
		{F244ABDE-7168-430A-937C-685C449E0566}.Release|Any CPU.Build.0 = Release|Any CPU
	EndGlobalSection
	GlobalSection(SolutionProperties) = preSolution
		HideSolutionNode = FALSE
	EndGlobalSection
	GlobalSection(ExtensibilityGlobals) = postSolution
		SolutionGuid = {10A96C05-ED37-4FE2-9A54-284F323D6BC3}
	EndGlobalSection
EndGlobal
